// !$*UTF8*$!
{
	archiveVersion = 1;
	classes = {
	};
	objectVersion = 50;
	objects = {

/* Begin PBXBuildFile section */
		BE0ED5792105C8EA00553232 /* AppDelegate.swift in Sources */ = {isa = PBXBuildFile; fileRef = BE0ED5782105C8EA00553232 /* AppDelegate.swift */; };
		BE0ED57B2105C8EA00553232 /* ViewController.swift in Sources */ = {isa = PBXBuildFile; fileRef = BE0ED57A2105C8EA00553232 /* ViewController.swift */; };
		BE0ED57E2105C8EA00553232 /* Main.storyboard in Resources */ = {isa = PBXBuildFile; fileRef = BE0ED57C2105C8EA00553232 /* Main.storyboard */; };
		BE0ED5802105C8EE00553232 /* Assets.xcassets in Resources */ = {isa = PBXBuildFile; fileRef = BE0ED57F2105C8EE00553232 /* Assets.xcassets */; };
		BE0ED5832105C8EE00553232 /* LaunchScreen.storyboard in Resources */ = {isa = PBXBuildFile; fileRef = BE0ED5812105C8EE00553232 /* LaunchScreen.storyboard */; };
		BE0ED58E2105C8EE00553232 /* SignUpTests.swift in Sources */ = {isa = PBXBuildFile; fileRef = BE0ED58D2105C8EE00553232 /* SignUpTests.swift */; };
		BE0ED5992105C8EE00553232 /* SignUpUITests.swift in Sources */ = {isa = PBXBuildFile; fileRef = BE0ED5982105C8EE00553232 /* SignUpUITests.swift */; };
/* End PBXBuildFile section */

/* Begin PBXContainerItemProxy section */
		BE0ED58A2105C8EE00553232 /* PBXContainerItemProxy */ = {
			isa = PBXContainerItemProxy;
			containerPortal = BE0ED56D2105C8EA00553232 /* Project object */;
			proxyType = 1;
			remoteGlobalIDString = BE0ED5742105C8EA00553232;
			remoteInfo = SignUp;
		};
		BE0ED5952105C8EE00553232 /* PBXContainerItemProxy */ = {
			isa = PBXContainerItemProxy;
			containerPortal = BE0ED56D2105C8EA00553232 /* Project object */;
			proxyType = 1;
			remoteGlobalIDString = BE0ED5742105C8EA00553232;
			remoteInfo = SignUp;
		};
/* End PBXContainerItemProxy section */

/* Begin PBXFileReference section */
		BE0ED5752105C8EA00553232 /* SignUp.app */ = {isa = PBXFileReference; explicitFileType = wrapper.application; includeInIndex = 0; path = SignUp.app; sourceTree = BUILT_PRODUCTS_DIR; };
		BE0ED5782105C8EA00553232 /* AppDelegate.swift */ = {isa = PBXFileReference; lastKnownFileType = sourcecode.swift; path = AppDelegate.swift; sourceTree = "<group>"; };
		BE0ED57A2105C8EA00553232 /* ViewController.swift */ = {isa = PBXFileReference; lastKnownFileType = sourcecode.swift; path = ViewController.swift; sourceTree = "<group>"; };
		BE0ED57D2105C8EA00553232 /* Base */ = {isa = PBXFileReference; lastKnownFileType = file.storyboard; name = Base; path = Base.lproj/Main.storyboard; sourceTree = "<group>"; };
		BE0ED57F2105C8EE00553232 /* Assets.xcassets */ = {isa = PBXFileReference; lastKnownFileType = folder.assetcatalog; path = Assets.xcassets; sourceTree = "<group>"; };
		BE0ED5822105C8EE00553232 /* Base */ = {isa = PBXFileReference; lastKnownFileType = file.storyboard; name = Base; path = Base.lproj/LaunchScreen.storyboard; sourceTree = "<group>"; };
		BE0ED5842105C8EE00553232 /* Info.plist */ = {isa = PBXFileReference; lastKnownFileType = text.plist.xml; path = Info.plist; sourceTree = "<group>"; };
		BE0ED5892105C8EE00553232 /* SignUpTests.xctest */ = {isa = PBXFileReference; explicitFileType = wrapper.cfbundle; includeInIndex = 0; path = SignUpTests.xctest; sourceTree = BUILT_PRODUCTS_DIR; };
		BE0ED58D2105C8EE00553232 /* SignUpTests.swift */ = {isa = PBXFileReference; lastKnownFileType = sourcecode.swift; path = SignUpTests.swift; sourceTree = "<group>"; };
		BE0ED58F2105C8EE00553232 /* Info.plist */ = {isa = PBXFileReference; lastKnownFileType = text.plist.xml; path = Info.plist; sourceTree = "<group>"; };
		BE0ED5942105C8EE00553232 /* SignUpUITests.xctest */ = {isa = PBXFileReference; explicitFileType = wrapper.cfbundle; includeInIndex = 0; path = SignUpUITests.xctest; sourceTree = BUILT_PRODUCTS_DIR; };
		BE0ED5982105C8EE00553232 /* SignUpUITests.swift */ = {isa = PBXFileReference; lastKnownFileType = sourcecode.swift; path = SignUpUITests.swift; sourceTree = "<group>"; };
		BE0ED59A2105C8EE00553232 /* Info.plist */ = {isa = PBXFileReference; lastKnownFileType = text.plist.xml; path = Info.plist; sourceTree = "<group>"; };
/* End PBXFileReference section */

/* Begin PBXFrameworksBuildPhase section */
		BE0ED5722105C8EA00553232 /* Frameworks */ = {
			isa = PBXFrameworksBuildPhase;
			buildActionMask = 2147483647;
			files = (
			);
			runOnlyForDeploymentPostprocessing = 0;
		};
		BE0ED5862105C8EE00553232 /* Frameworks */ = {
			isa = PBXFrameworksBuildPhase;
			buildActionMask = 2147483647;
			files = (
			);
			runOnlyForDeploymentPostprocessing = 0;
		};
		BE0ED5912105C8EE00553232 /* Frameworks */ = {
			isa = PBXFrameworksBuildPhase;
			buildActionMask = 2147483647;
			files = (
			);
			runOnlyForDeploymentPostprocessing = 0;
		};
/* End PBXFrameworksBuildPhase section */

/* Begin PBXGroup section */
		BE0ED56C2105C8EA00553232 = {
			isa = PBXGroup;
			children = (
				BE0ED5772105C8EA00553232 /* SignUp */,
				BE0ED58C2105C8EE00553232 /* SignUpTests */,
				BE0ED5972105C8EE00553232 /* SignUpUITests */,
				BE0ED5762105C8EA00553232 /* Products */,
			);
			sourceTree = "<group>";
		};
		BE0ED5762105C8EA00553232 /* Products */ = {
			isa = PBXGroup;
			children = (
				BE0ED5752105C8EA00553232 /* SignUp.app */,
				BE0ED5892105C8EE00553232 /* SignUpTests.xctest */,
				BE0ED5942105C8EE00553232 /* SignUpUITests.xctest */,
			);
			name = Products;
			sourceTree = "<group>";
		};
		BE0ED5772105C8EA00553232 /* SignUp */ = {
			isa = PBXGroup;
			children = (
				BE0ED5782105C8EA00553232 /* AppDelegate.swift */,
				BE0ED57A2105C8EA00553232 /* ViewController.swift */,
				BE0ED57C2105C8EA00553232 /* Main.storyboard */,
				BE0ED57F2105C8EE00553232 /* Assets.xcassets */,
				BE0ED5812105C8EE00553232 /* LaunchScreen.storyboard */,
				BE0ED5842105C8EE00553232 /* Info.plist */,
			);
			path = SignUp;
			sourceTree = "<group>";
		};
		BE0ED58C2105C8EE00553232 /* SignUpTests */ = {
			isa = PBXGroup;
			children = (
				BE0ED58D2105C8EE00553232 /* SignUpTests.swift */,
				BE0ED58F2105C8EE00553232 /* Info.plist */,
			);
			path = SignUpTests;
			sourceTree = "<group>";
		};
		BE0ED5972105C8EE00553232 /* SignUpUITests */ = {
			isa = PBXGroup;
			children = (
				BE0ED5982105C8EE00553232 /* SignUpUITests.swift */,
				BE0ED59A2105C8EE00553232 /* Info.plist */,
			);
			path = SignUpUITests;
			sourceTree = "<group>";
		};
/* End PBXGroup section */

/* Begin PBXNativeTarget section */
		BE0ED5742105C8EA00553232 /* SignUp */ = {
			isa = PBXNativeTarget;
			buildConfigurationList = BE0ED59D2105C8EE00553232 /* Build configuration list for PBXNativeTarget "SignUp" */;
			buildPhases = (
				BE0ED5712105C8EA00553232 /* Sources */,
				BE0ED5722105C8EA00553232 /* Frameworks */,
				BE0ED5732105C8EA00553232 /* Resources */,
			);
			buildRules = (
			);
			dependencies = (
			);
			name = SignUp;
			productName = SignUp;
			productReference = BE0ED5752105C8EA00553232 /* SignUp.app */;
			productType = "com.apple.product-type.application";
		};
		BE0ED5882105C8EE00553232 /* SignUpTests */ = {
			isa = PBXNativeTarget;
			buildConfigurationList = BE0ED5A02105C8EE00553232 /* Build configuration list for PBXNativeTarget "SignUpTests" */;
			buildPhases = (
				BE0ED5852105C8EE00553232 /* Sources */,
				BE0ED5862105C8EE00553232 /* Frameworks */,
				BE0ED5872105C8EE00553232 /* Resources */,
			);
			buildRules = (
			);
			dependencies = (
				BE0ED58B2105C8EE00553232 /* PBXTargetDependency */,
			);
			name = SignUpTests;
			productName = SignUpTests;
			productReference = BE0ED5892105C8EE00553232 /* SignUpTests.xctest */;
			productType = "com.apple.product-type.bundle.unit-test";
		};
		BE0ED5932105C8EE00553232 /* SignUpUITests */ = {
			isa = PBXNativeTarget;
			buildConfigurationList = BE0ED5A32105C8EE00553232 /* Build configuration list for PBXNativeTarget "SignUpUITests" */;
			buildPhases = (
				BE0ED5902105C8EE00553232 /* Sources */,
				BE0ED5912105C8EE00553232 /* Frameworks */,
				BE0ED5922105C8EE00553232 /* Resources */,
			);
			buildRules = (
			);
			dependencies = (
				BE0ED5962105C8EE00553232 /* PBXTargetDependency */,
			);
			name = SignUpUITests;
			productName = SignUpUITests;
			productReference = BE0ED5942105C8EE00553232 /* SignUpUITests.xctest */;
			productType = "com.apple.product-type.bundle.ui-testing";
		};
/* End PBXNativeTarget section */

/* Begin PBXProject section */
		BE0ED56D2105C8EA00553232 /* Project object */ = {
			isa = PBXProject;
			attributes = {
				LastSwiftUpdateCheck = 0940;
				LastUpgradeCheck = 0940;
				ORGANIZATIONNAME = KM_TM;
				TargetAttributes = {
					BE0ED5742105C8EA00553232 = {
						CreatedOnToolsVersion = 9.4.1;
					};
					BE0ED5882105C8EE00553232 = {
						CreatedOnToolsVersion = 9.4.1;
						TestTargetID = BE0ED5742105C8EA00553232;
					};
					BE0ED5932105C8EE00553232 = {
						CreatedOnToolsVersion = 9.4.1;
						TestTargetID = BE0ED5742105C8EA00553232;
					};
				};
			};
			buildConfigurationList = BE0ED5702105C8EA00553232 /* Build configuration list for PBXProject "SignUp" */;
			compatibilityVersion = "Xcode 9.3";
			developmentRegion = en;
			hasScannedForEncodings = 0;
			knownRegions = (
				en,
				Base,
			);
			mainGroup = BE0ED56C2105C8EA00553232;
			productRefGroup = BE0ED5762105C8EA00553232 /* Products */;
			projectDirPath = "";
			projectRoot = "";
			targets = (
				BE0ED5742105C8EA00553232 /* SignUp */,
				BE0ED5882105C8EE00553232 /* SignUpTests */,
				BE0ED5932105C8EE00553232 /* SignUpUITests */,
			);
		};
/* End PBXProject section */

/* Begin PBXResourcesBuildPhase section */
		BE0ED5732105C8EA00553232 /* Resources */ = {
			isa = PBXResourcesBuildPhase;
			buildActionMask = 2147483647;
			files = (
				BE0ED5832105C8EE00553232 /* LaunchScreen.storyboard in Resources */,
				BE0ED5802105C8EE00553232 /* Assets.xcassets in Resources */,
				BE0ED57E2105C8EA00553232 /* Main.storyboard in Resources */,
			);
			runOnlyForDeploymentPostprocessing = 0;
		};
		BE0ED5872105C8EE00553232 /* Resources */ = {
			isa = PBXResourcesBuildPhase;
			buildActionMask = 2147483647;
			files = (
			);
			runOnlyForDeploymentPostprocessing = 0;
		};
		BE0ED5922105C8EE00553232 /* Resources */ = {
			isa = PBXResourcesBuildPhase;
			buildActionMask = 2147483647;
			files = (
			);
			runOnlyForDeploymentPostprocessing = 0;
		};
/* End PBXResourcesBuildPhase section */

/* Begin PBXSourcesBuildPhase section */
		BE0ED5712105C8EA00553232 /* Sources */ = {
			isa = PBXSourcesBuildPhase;
			buildActionMask = 2147483647;
			files = (
				BE0ED57B2105C8EA00553232 /* ViewController.swift in Sources */,
				BE0ED5792105C8EA00553232 /* AppDelegate.swift in Sources */,
			);
			runOnlyForDeploymentPostprocessing = 0;
		};
		BE0ED5852105C8EE00553232 /* Sources */ = {
			isa = PBXSourcesBuildPhase;
			buildActionMask = 2147483647;
			files = (
				BE0ED58E2105C8EE00553232 /* SignUpTests.swift in Sources */,
			);
			runOnlyForDeploymentPostprocessing = 0;
		};
		BE0ED5902105C8EE00553232 /* Sources */ = {
			isa = PBXSourcesBuildPhase;
			buildActionMask = 2147483647;
			files = (
				BE0ED5992105C8EE00553232 /* SignUpUITests.swift in Sources */,
			);
			runOnlyForDeploymentPostprocessing = 0;
		};
/* End PBXSourcesBuildPhase section */

/* Begin PBXTargetDependency section */
		BE0ED58B2105C8EE00553232 /* PBXTargetDependency */ = {
			isa = PBXTargetDependency;
			target = BE0ED5742105C8EA00553232 /* SignUp */;
			targetProxy = BE0ED58A2105C8EE00553232 /* PBXContainerItemProxy */;
		};
		BE0ED5962105C8EE00553232 /* PBXTargetDependency */ = {
			isa = PBXTargetDependency;
			target = BE0ED5742105C8EA00553232 /* SignUp */;
			targetProxy = BE0ED5952105C8EE00553232 /* PBXContainerItemProxy */;
		};
/* End PBXTargetDependency section */

/* Begin PBXVariantGroup section */
		BE0ED57C2105C8EA00553232 /* Main.storyboard */ = {
			isa = PBXVariantGroup;
			children = (
				BE0ED57D2105C8EA00553232 /* Base */,
			);
			name = Main.storyboard;
			sourceTree = "<group>";
		};
		BE0ED5812105C8EE00553232 /* LaunchScreen.storyboard */ = {
			isa = PBXVariantGroup;
			children = (
				BE0ED5822105C8EE00553232 /* Base */,
			);
			name = LaunchScreen.storyboard;
			sourceTree = "<group>";
		};
/* End PBXVariantGroup section */

/* Begin XCBuildConfiguration section */
		BE0ED59B2105C8EE00553232 /* Debug */ = {
			isa = XCBuildConfiguration;
			buildSettings = {
				ALWAYS_SEARCH_USER_PATHS = NO;
				CLANG_ANALYZER_NONNULL = YES;
				CLANG_ANALYZER_NUMBER_OBJECT_CONVERSION = YES_AGGRESSIVE;
				CLANG_CXX_LANGUAGE_STANDARD = "gnu++14";
				CLANG_CXX_LIBRARY = "libc++";
				CLANG_ENABLE_MODULES = YES;
				CLANG_ENABLE_OBJC_ARC = YES;
				CLANG_ENABLE_OBJC_WEAK = YES;
				CLANG_WARN_BLOCK_CAPTURE_AUTORELEASING = YES;
				CLANG_WARN_BOOL_CONVERSION = YES;
				CLANG_WARN_COMMA = YES;
				CLANG_WARN_CONSTANT_CONVERSION = YES;
				CLANG_WARN_DEPRECATED_OBJC_IMPLEMENTATIONS = YES;
				CLANG_WARN_DIRECT_OBJC_ISA_USAGE = YES_ERROR;
				CLANG_WARN_DOCUMENTATION_COMMENTS = YES;
				CLANG_WARN_EMPTY_BODY = YES;
				CLANG_WARN_ENUM_CONVERSION = YES;
				CLANG_WARN_INFINITE_RECURSION = YES;
				CLANG_WARN_INT_CONVERSION = YES;
				CLANG_WARN_NON_LITERAL_NULL_CONVERSION = YES;
				CLANG_WARN_OBJC_IMPLICIT_RETAIN_SELF = YES;
				CLANG_WARN_OBJC_LITERAL_CONVERSION = YES;
				CLANG_WARN_OBJC_ROOT_CLASS = YES_ERROR;
				CLANG_WARN_RANGE_LOOP_ANALYSIS = YES;
				CLANG_WARN_STRICT_PROTOTYPES = YES;
				CLANG_WARN_SUSPICIOUS_MOVE = YES;
				CLANG_WARN_UNGUARDED_AVAILABILITY = YES_AGGRESSIVE;
				CLANG_WARN_UNREACHABLE_CODE = YES;
				CLANG_WARN__DUPLICATE_METHOD_MATCH = YES;
				CODE_SIGN_IDENTITY = "iPhone Developer";
				COPY_PHASE_STRIP = NO;
				DEBUG_INFORMATION_FORMAT = dwarf;
				ENABLE_STRICT_OBJC_MSGSEND = YES;
				ENABLE_TESTABILITY = YES;
				GCC_C_LANGUAGE_STANDARD = gnu11;
				GCC_DYNAMIC_NO_PIC = NO;
				GCC_NO_COMMON_BLOCKS = YES;
				GCC_OPTIMIZATION_LEVEL = 0;
				GCC_PREPROCESSOR_DEFINITIONS = (
					"DEBUG=1",
					"$(inherited)",
				);
				GCC_WARN_64_TO_32_BIT_CONVERSION = YES;
				GCC_WARN_ABOUT_RETURN_TYPE = YES_ERROR;
				GCC_WARN_UNDECLARED_SELECTOR = YES;
				GCC_WARN_UNINITIALIZED_AUTOS = YES_AGGRESSIVE;
				GCC_WARN_UNUSED_FUNCTION = YES;
				GCC_WARN_UNUSED_VARIABLE = YES;
				IPHONEOS_DEPLOYMENT_TARGET = 11.4;
				MTL_ENABLE_DEBUG_INFO = YES;
				ONLY_ACTIVE_ARCH = YES;
				SDKROOT = iphoneos;
				SWIFT_ACTIVE_COMPILATION_CONDITIONS = DEBUG;
				SWIFT_OPTIMIZATION_LEVEL = "-Onone";
			};
			name = Debug;
		};
		BE0ED59C2105C8EE00553232 /* Release */ = {
			isa = XCBuildConfiguration;
			buildSettings = {
				ALWAYS_SEARCH_USER_PATHS = NO;
				CLANG_ANALYZER_NONNULL = YES;
				CLANG_ANALYZER_NUMBER_OBJECT_CONVERSION = YES_AGGRESSIVE;
				CLANG_CXX_LANGUAGE_STANDARD = "gnu++14";
				CLANG_CXX_LIBRARY = "libc++";
				CLANG_ENABLE_MODULES = YES;
				CLANG_ENABLE_OBJC_ARC = YES;
				CLANG_ENABLE_OBJC_WEAK = YES;
				CLANG_WARN_BLOCK_CAPTURE_AUTORELEASING = YES;
				CLANG_WARN_BOOL_CONVERSION = YES;
				CLANG_WARN_COMMA = YES;
				CLANG_WARN_CONSTANT_CONVERSION = YES;
				CLANG_WARN_DEPRECATED_OBJC_IMPLEMENTATIONS = YES;
				CLANG_WARN_DIRECT_OBJC_ISA_USAGE = YES_ERROR;
				CLANG_WARN_DOCUMENTATION_COMMENTS = YES;
				CLANG_WARN_EMPTY_BODY = YES;
				CLANG_WARN_ENUM_CONVERSION = YES;
				CLANG_WARN_INFINITE_RECURSION = YES;
				CLANG_WARN_INT_CONVERSION = YES;
				CLANG_WARN_NON_LITERAL_NULL_CONVERSION = YES;
				CLANG_WARN_OBJC_IMPLICIT_RETAIN_SELF = YES;
				CLANG_WARN_OBJC_LITERAL_CONVERSION = YES;
				CLANG_WARN_OBJC_ROOT_CLASS = YES_ERROR;
				CLANG_WARN_RANGE_LOOP_ANALYSIS = YES;
				CLANG_WARN_STRICT_PROTOTYPES = YES;
				CLANG_WARN_SUSPICIOUS_MOVE = YES;
				CLANG_WARN_UNGUARDED_AVAILABILITY = YES_AGGRESSIVE;
				CLANG_WARN_UNREACHABLE_CODE = YES;
				CLANG_WARN__DUPLICATE_METHOD_MATCH = YES;
				CODE_SIGN_IDENTITY = "iPhone Developer";
				COPY_PHASE_STRIP = NO;
				DEBUG_INFORMATION_FORMAT = "dwarf-with-dsym";
				ENABLE_NS_ASSERTIONS = NO;
				ENABLE_STRICT_OBJC_MSGSEND = YES;
				GCC_C_LANGUAGE_STANDARD = gnu11;
				GCC_NO_COMMON_BLOCKS = YES;
				GCC_WARN_64_TO_32_BIT_CONVERSION = YES;
				GCC_WARN_ABOUT_RETURN_TYPE = YES_ERROR;
				GCC_WARN_UNDECLARED_SELECTOR = YES;
				GCC_WARN_UNINITIALIZED_AUTOS = YES_AGGRESSIVE;
				GCC_WARN_UNUSED_FUNCTION = YES;
				GCC_WARN_UNUSED_VARIABLE = YES;
				IPHONEOS_DEPLOYMENT_TARGET = 11.4;
				MTL_ENABLE_DEBUG_INFO = NO;
				SDKROOT = iphoneos;
				SWIFT_COMPILATION_MODE = wholemodule;
				SWIFT_OPTIMIZATION_LEVEL = "-O";
				VALIDATE_PRODUCT = YES;
			};
			name = Release;
		};
		BE0ED59E2105C8EE00553232 /* Debug */ = {
			isa = XCBuildConfiguration;
			buildSettings = {
				ASSETCATALOG_COMPILER_APPICON_NAME = AppIcon;
				CODE_SIGN_STYLE = Automatic;
				INFOPLIST_FILE = SignUp/Info.plist;
				LD_RUNPATH_SEARCH_PATHS = (
					"$(inherited)",
					"@executable_path/Frameworks",
				);
				PRODUCT_BUNDLE_IDENTIFIER = test.SignUp;
				PRODUCT_NAME = "$(TARGET_NAME)";
				SWIFT_VERSION = 4.0;
				TARGETED_DEVICE_FAMILY = "1,2";
			};
			name = Debug;
		};
		BE0ED59F2105C8EE00553232 /* Release */ = {
			isa = XCBuildConfiguration;
			buildSettings = {
				ASSETCATALOG_COMPILER_APPICON_NAME = AppIcon;
				CODE_SIGN_STYLE = Automatic;
				INFOPLIST_FILE = SignUp/Info.plist;
				LD_RUNPATH_SEARCH_PATHS = (
					"$(inherited)",
					"@executable_path/Frameworks",
				);
				PRODUCT_BUNDLE_IDENTIFIER = test.SignUp;
				PRODUCT_NAME = "$(TARGET_NAME)";
				SWIFT_VERSION = 4.0;
				TARGETED_DEVICE_FAMILY = "1,2";
			};
			name = Release;
		};
		BE0ED5A12105C8EE00553232 /* Debug */ = {
			isa = XCBuildConfiguration;
			buildSettings = {
				ALWAYS_EMBED_SWIFT_STANDARD_LIBRARIES = YES;
				BUNDLE_LOADER = "$(TEST_HOST)";
				CODE_SIGN_STYLE = Automatic;
				INFOPLIST_FILE = SignUpTests/Info.plist;
				LD_RUNPATH_SEARCH_PATHS = (
					"$(inherited)",
					"@executable_path/Frameworks",
					"@loader_path/Frameworks",
				);
				PRODUCT_BUNDLE_IDENTIFIER = test.SignUpTests;
				PRODUCT_NAME = "$(TARGET_NAME)";
				SWIFT_VERSION = 4.0;
				TARGETED_DEVICE_FAMILY = "1,2";
				TEST_HOST = "$(BUILT_PRODUCTS_DIR)/SignUp.app/SignUp";
			};
			name = Debug;
		};
		BE0ED5A22105C8EE00553232 /* Release */ = {
			isa = XCBuildConfiguration;
			buildSettings = {
				ALWAYS_EMBED_SWIFT_STANDARD_LIBRARIES = YES;
				BUNDLE_LOADER = "$(TEST_HOST)";
				CODE_SIGN_STYLE = Automatic;
				INFOPLIST_FILE = SignUpTests/Info.plist;
				LD_RUNPATH_SEARCH_PATHS = (
					"$(inherited)",
					"@executable_path/Frameworks",
					"@loader_path/Frameworks",
				);
				PRODUCT_BUNDLE_IDENTIFIER = test.SignUpTests;
				PRODUCT_NAME = "$(TARGET_NAME)";
				SWIFT_VERSION = 4.0;
				TARGETED_DEVICE_FAMILY = "1,2";
				TEST_HOST = "$(BUILT_PRODUCTS_DIR)/SignUp.app/SignUp";
			};
			name = Release;
		};
		BE0ED5A42105C8EE00553232 /* Debug */ = {
			isa = XCBuildConfiguration;
			buildSettings = {
				ALWAYS_EMBED_SWIFT_STANDARD_LIBRARIES = YES;
				CODE_SIGN_STYLE = Automatic;
				INFOPLIST_FILE = SignUpUITests/Info.plist;
				LD_RUNPATH_SEARCH_PATHS = (
					"$(inherited)",
					"@executable_path/Frameworks",
					"@loader_path/Frameworks",
				);
				PRODUCT_BUNDLE_IDENTIFIER = test.SignUpUITests;
				PRODUCT_NAME = "$(TARGET_NAME)";
				SWIFT_VERSION = 4.0;
				TARGETED_DEVICE_FAMILY = "1,2";
				TEST_TARGET_NAME = SignUp;
			};
			name = Debug;
		};
		BE0ED5A52105C8EE00553232 /* Release */ = {
			isa = XCBuildConfiguration;
			buildSettings = {
				ALWAYS_EMBED_SWIFT_STANDARD_LIBRARIES = YES;
				CODE_SIGN_STYLE = Automatic;
				INFOPLIST_FILE = SignUpUITests/Info.plist;
				LD_RUNPATH_SEARCH_PATHS = (
					"$(inherited)",
					"@executable_path/Frameworks",
					"@loader_path/Frameworks",
				);
				PRODUCT_BUNDLE_IDENTIFIER = test.SignUpUITests;
				PRODUCT_NAME = "$(TARGET_NAME)";
				SWIFT_VERSION = 4.0;
				TARGETED_DEVICE_FAMILY = "1,2";
				TEST_TARGET_NAME = SignUp;
			};
			name = Release;
		};
/* End XCBuildConfiguration section */

/* Begin XCConfigurationList section */
		BE0ED5702105C8EA00553232 /* Build configuration list for PBXProject "SignUp" */ = {
			isa = XCConfigurationList;
			buildConfigurations = (
				BE0ED59B2105C8EE00553232 /* Debug */,
				BE0ED59C2105C8EE00553232 /* Release */,
			);
			defaultConfigurationIsVisible = 0;
			defaultConfigurationName = Release;
		};
		BE0ED59D2105C8EE00553232 /* Build configuration list for PBXNativeTarget "SignUp" */ = {
			isa = XCConfigurationList;
			buildConfigurations = (
				BE0ED59E2105C8EE00553232 /* Debug */,
				BE0ED59F2105C8EE00553232 /* Release */,
			);
			defaultConfigurationIsVisible = 0;
			defaultConfigurationName = Release;
		};
		BE0ED5A02105C8EE00553232 /* Build configuration list for PBXNativeTarget "SignUpTests" */ = {
			isa = XCConfigurationList;
			buildConfigurations = (
				BE0ED5A12105C8EE00553232 /* Debug */,
				BE0ED5A22105C8EE00553232 /* Release */,
			);
			defaultConfigurationIsVisible = 0;
			defaultConfigurationName = Release;
		};
		BE0ED5A32105C8EE00553232 /* Build configuration list for PBXNativeTarget "SignUpUITests" */ = {
			isa = XCConfigurationList;
			buildConfigurations = (
				BE0ED5A42105C8EE00553232 /* Debug */,
				BE0ED5A52105C8EE00553232 /* Release */,
			);
			defaultConfigurationIsVisible = 0;
			defaultConfigurationName = Release;
		};
/* End XCConfigurationList section */
	};
	rootObject = BE0ED56D2105C8EA00553232 /* Project object */;
}
